
Microsoft Visual Studio Solution File, Format Version 11.00
# Visual Studio 2010
Project("{FAE04EC0-301F-11D3-BF4B-00C04F79EFBC}") = "Assembly-CSharp", "Assembly-CSharp.csproj", "{1CECB629-03AD-93BB-A912-39514F7C8FFB}"
EndProject
Project("{FAE04EC0-301F-11D3-BF4B-00C04F79EFBC}") = "Assembly-CSharp-Editor", "Assembly-CSharp-Editor.csproj", "{232E45DA-AB8A-3765-2D64-701AF5899BB4}"
EndProject
Global
	GlobalSection(SolutionConfigurationPlatforms) = preSolution
		Debug|Any CPU = Debug|Any CPU
		Release|Any CPU = Release|Any CPU
	EndGlobalSection
	GlobalSection(ProjectConfigurationPlatforms) = postSolution
		{1CECB629-03AD-93BB-A912-39514F7C8FFB}.Debug|Any CPU.ActiveCfg = Debug|Any CPU
		{1CECB629-03AD-93BB-A912-39514F7C8FFB}.Debug|Any CPU.Build.0 = Debug|Any CPU
		{1CECB629-03AD-93BB-A912-39514F7C8FFB}.Release|Any CPU.ActiveCfg = Release|Any CPU
		{1CECB629-03AD-93BB-A912-39514F7C8FFB}.Release|Any CPU.Build.0 = Release|Any CPU
		{232E45DA-AB8A-3765-2D64-701AF5899BB4}.Debug|Any CPU.ActiveCfg = Debug|Any CPU
		{232E45DA-AB8A-3765-2D64-701AF5899BB4}.Debug|Any CPU.Build.0 = Debug|Any CPU
		{232E45DA-AB8A-3765-2D64-701AF5899BB4}.Release|Any CPU.ActiveCfg = Release|Any CPU
		{232E45DA-AB8A-3765-2D64-701AF5899BB4}.Release|Any CPU.Build.0 = Release|Any CPU
	EndGlobalSection
	GlobalSection(SolutionProperties) = preSolution
		HideSolutionNode = FALSE
	EndGlobalSection
	GlobalSection(MonoDevelopProperties) = preSolution
		StartupItem = Assembly-CSharp.csproj
	EndGlobalSection
EndGlobal
